{
  "requires": true,
  "lockfileVersion": 1,
  "dependencies": {
    "component-install": {
      "version": "1.0.1",
      "resolved": "https://registry.npmjs.org/component-install/-/component-install-1.0.1.tgz",
      "integrity": "sha1-jvkxgKh5Q9nJA1qY27sGiQ4J9Po=",
      "requires": {
        "concat-stream": "0.1.1",
        "hyperquest": "0.1.8",
        "mkdirp": "0.3.5",
        "q": "0.9.7"
      }
    },
    "concat-stream": {
      "version": "0.1.1",
      "resolved": "https://registry.npmjs.org/concat-stream/-/concat-stream-0.1.1.tgz",
      "integrity": "sha1-1/TieLkM/E8PPvd/5MA7QOs/eQA="
    },
    "decouple": {
      "version": "0.0.2",
      "resolved": "https://registry.npmjs.org/decouple/-/decouple-0.0.2.tgz",
      "integrity": "sha1-yzc2QMN/mHpfaGZyTM1CSoD52aI="
    },
    "duplexer": {
      "version": "0.1.1",
      "resolved": "https://registry.npmjs.org/duplexer/-/duplexer-0.1.1.tgz",
      "integrity": "sha1-rOb/gIwc5mtX0ev5eXessCM0z8E="
    },
    "emitter": {
      "version": "git+https://github.com/Mango/emitter.git#41ab8a3956269c7ed468bde50203e15b3274152f"
    },
    "hyperquest": {
      "version": "0.1.8",
      "resolved": "https://registry.npmjs.org/hyperquest/-/hyperquest-0.1.8.tgz",
      "integrity": "sha1-mtclDTey3cKAXBGTAj6yBrcc8qM=",
      "requires": {
        "duplexer": "0.1.1",
        "through": "2.2.7"
      }
    },
    "mkdirp": {
      "version": "0.3.5",
      "resolved": "https://registry.npmjs.org/mkdirp/-/mkdirp-0.3.5.tgz",
      "integrity": "sha1-3j5fiWHIjHh+4TaN+EmsRBPsqNc="
    },
    "q": {
      "version": "0.9.7",
      "resolved": "https://registry.npmjs.org/q/-/q-0.9.7.tgz",
      "integrity": "sha1-TeLmyzspCIyeTLwDv51C+5bOL3U="
    },
    "slideout": {
      "version": "1.0.1",
      "resolved": "https://registry.npmjs.org/slideout/-/slideout-1.0.1.tgz",
      "integrity": "sha1-SfL71+QVX+Db5tlZOPASJDVl9iU=",
      "requires": {
        "decouple": "0.0.2",
        "emitter": "git+https://github.com/Mango/emitter.git#41ab8a3956269c7ed468bde50203e15b3274152f"
      }
    },
    "through": {
      "version": "2.2.7",
      "resolved": "https://registry.npmjs.org/through/-/through-2.2.7.tgz",
      "integrity": "sha1-bo4hIAGR1OtqmfbwEN9Gqhxusr0="
    }
  }
}
